github.com/Microsoft/go-winio v0.5.1 h1:aPJp2QD7OOrhO5tQXqQoGSJc+DjDtWTGLOmNyAm6FgY=
github.com/Microsoft/go-winio v0.5.1/go.mod h1:JPGBdM1cNvN/6ISo+n8V5iA4v8pBzdOpzfwIujj1a84=
github.com/apenwarr/fixconsole v0.0.0-20191012055117-5a9f6489cc29 h1:muXWUcay7DDy1/hEQWrYlBy+g0EuwT70sBHg65SeUc4=
github.com/apenwarr/fixconsole v0.0.0-20191012055117-5a9f6489cc29/go.mod h1:JYWahgHer+Z2xbsgHPtaDYVWzeHDminu+YIBWkxpCAY=
github.com/apenwarr/w32 v0.0.0-20190407065021-aa00fece76ab h1:CMGzRRCjnD50RjUFSArBLuCxiDvdp7b8YPAcikBEQ+k=
github.com/apenwarr/w32 v0.0.0-20190407065021-aa00fece76ab/go.mod h1:nfFtvHn2Hgs9G1u0/J6LHQv//EksNC+7G8vXmd1VTJ8=
github.com/davecgh/go-spew v1.1.1/go.mod h1:J7Y8YcW2NihsgmVo/mv3lAwl/skON4iLHjSsI+c5H38=
github.com/lxn/win v0.0.0-20210218163916-a377121e959e h1:H+t6A/QJMbhCSEH5rAuRxh+CtW96g0Or0Fxa9IKr4uc=
github.com/lxn/win v0.0.0-20210218163916-a377121e959e/go.mod h1:KxxjdtRkfNoYDCUP5ryK7XJJNTnpC8atvtmTheChOtk=
github.com/pkg/errors v0.9.1 h1:FEBLx1zS214owpjy7qsBeixbURkuhQAwrK5UwLGTwt4=
github.com/pkg/errors v0.9.1/go.mod h1:bwawxfHBFNV+L2hUp1rHADufV3IMtnDRdf1r5NINEl0=
github.com/pmezard/go-difflib v1.0.0/go.mod h1:iKH77koFhYxTK1pcRnkKkqfTogsbg7gZNVY4sRDYZ/4=
github.com/sirupsen/logrus v1.7.0/go.mod h1:yWOB1SBYBC5VeMP7gHvWumXLIWorT60ONWic61uBYv0=
github.com/stretchr/testify v1.2.2/go.mod h1:a8OnRcib4nhh0OaRAV+Yts87kKdq0PP7pXfy6kDkUVs=
golang.org/x/sys v0.0.0-20190405154228-4b34438f7a67/go.mod h1:h1NjWce9XRLGQEsW7wpKNCjG9DtNlClVuFLEZdDNbEs=
golang.org/x/sys v0.0.0-20191026070338-33540a1f6037/go.mod h1:h1NjWce9XRLGQEsW7wpKNCjG9DtNlClVuFLEZdDNbEs=
golang.org/x/sys v0.0.0-20201018230417-eeed37f84f13/go.mod h1:h1NjWce9XRLGQEsW7wpKNCjG9DtNlClVuFLEZdDNbEs=
golang.org/x/sys v0.0.0-20210124154548-22da62e12c0c/go.mod h1:h1NjWce9XRLGQEsW7wpKNCjG9DtNlClVuFLEZdDNbEs=
golang.org/x/sys v0.0.0-20211107104306-e0b2ad06fe42 h1:G2DDmludOQZoWbpCr7OKDxnl478ZBGMcOhrv+ooX/Q4=
golang.org/x/sys v0.0.0-20211107104306-e0b2ad06fe42/go.mod h1:oPkhp1MJrh7nUepCBck5+mAzfO9JrbApNNgaTdGDITg=
